
Microsoft Visual Studio Solution File, Format Version 12.00
# Visual Studio 2013
VisualStudioVersion = 12.0.30723.0
MinimumVisualStudioVersion = 10.0.40219.1
Project("{FAE04EC0-301F-11D3-BF4B-00C04F79EFBC}") = "Pen_and_Paper_Visualator", "Pen_and_Paper_Visualator.csproj", "{443EC371-2EFC-4582-8A70-F5DCF5BC4376}"
EndProject
Global
	GlobalSection(SolutionConfigurationPlatforms) = preSolution
		Debug|Any CPU = Debug|Any CPU
		Release|Any CPU = Release|Any CPU
	EndGlobalSection
	GlobalSection(ProjectConfigurationPlatforms) = postSolution
		{443EC371-2EFC-4582-8A70-F5DCF5BC4376}.Debug|Any CPU.ActiveCfg = Debug|Any CPU
		{443EC371-2EFC-4582-8A70-F5DCF5BC4376}.Debug|Any CPU.Build.0 = Debug|Any CPU
		{443EC371-2EFC-4582-8A70-F5DCF5BC4376}.Release|Any CPU.ActiveCfg = Release|Any CPU
		{443EC371-2EFC-4582-8A70-F5DCF5BC4376}.Release|Any CPU.Build.0 = Release|Any CPU
	EndGlobalSection
	GlobalSection(SolutionProperties) = preSolution
		HideSolutionNode = FALSE
	EndGlobalSection
EndGlobal
